
Microsoft Visual Studio Solution File, Format Version 11.00
# Visual Studio 2010
Project("{FAE04EC0-301F-11D3-BF4B-00C04F79EFBC}") = "Jeu_Morpion", "Assembly-CSharp.csproj", "{60E891C1-8ABC-F547-492B-A1D9DEF3A287}"
EndProject
Global
	GlobalSection(SolutionConfigurationPlatforms) = preSolution
		Debug|Any CPU = Debug|Any CPU
		Release|Any CPU = Release|Any CPU
	EndGlobalSection
	GlobalSection(ProjectConfigurationPlatforms) = postSolution
		{60E891C1-8ABC-F547-492B-A1D9DEF3A287}.Debug|Any CPU.ActiveCfg = Debug|Any CPU
		{60E891C1-8ABC-F547-492B-A1D9DEF3A287}.Debug|Any CPU.Build.0 = Debug|Any CPU
		{60E891C1-8ABC-F547-492B-A1D9DEF3A287}.Release|Any CPU.ActiveCfg = Release|Any CPU
		{60E891C1-8ABC-F547-492B-A1D9DEF3A287}.Release|Any CPU.Build.0 = Release|Any CPU
	EndGlobalSection
	GlobalSection(SolutionProperties) = preSolution
		HideSolutionNode = FALSE
	EndGlobalSection
	GlobalSection(MonoDevelopProperties) = preSolution
		StartupItem = Assembly-CSharp.csproj
	EndGlobalSection
EndGlobal
